
Microsoft Visual Studio Solution File, Format Version 12.00
# Visual Studio Version 16
VisualStudioVersion = 16.0.30309.148
MinimumVisualStudioVersion = 10.0.40219.1
Project("{9A19103F-16F7-4668-BE54-9A1E7A4F7556}") = "TodoApi", "TodoApi\TodoApi.csproj", "{1FD6BF22-D898-4CB1-86B8-EC56904B6CD0}"
EndProject
Global
	GlobalSection(SolutionConfigurationPlatforms) = preSolution
		Debug|Any CPU = Debug|Any CPU
		None-Debug|Any CPU = None-Debug|Any CPU
		Release|Any CPU = Release|Any CPU
	EndGlobalSection
	GlobalSection(ProjectConfigurationPlatforms) = postSolution
		{1FD6BF22-D898-4CB1-86B8-EC56904B6CD0}.Debug|Any CPU.ActiveCfg = Debug|Any CPU
		{1FD6BF22-D898-4CB1-86B8-EC56904B6CD0}.Debug|Any CPU.Build.0 = Debug|Any CPU
		{1FD6BF22-D898-4CB1-86B8-EC56904B6CD0}.None-Debug|Any CPU.ActiveCfg = None-Debug|Any CPU
		{1FD6BF22-D898-4CB1-86B8-EC56904B6CD0}.None-Debug|Any CPU.Build.0 = None-Debug|Any CPU
		{1FD6BF22-D898-4CB1-86B8-EC56904B6CD0}.Release|Any CPU.ActiveCfg = Release|Any CPU
		{1FD6BF22-D898-4CB1-86B8-EC56904B6CD0}.Release|Any CPU.Build.0 = Release|Any CPU
	EndGlobalSection
	GlobalSection(SolutionProperties) = preSolution
		HideSolutionNode = FALSE
	EndGlobalSection
	GlobalSection(ExtensibilityGlobals) = postSolution
		SolutionGuid = {4086E7F3-C885-4792-8DEE-B527A8EBCABA}
	EndGlobalSection
EndGlobal
